Microsoft Visual Studio Solution File, Format Version 12.00
# Visual Studio Version 17
VisualStudioVersion = 17.5.2.0
MinimumVisualStudioVersion = 10.0.40219.1
Project("{FAE04EC0-301F-11D3-BF4B-00C04F79EFBC}") = "ClientE", "ClientE\ClientE.csproj", "{5FD790DC-0CBA-2596-271F-8A5F60111849}"
EndProject
Project("{FAE04EC0-301F-11D3-BF4B-00C04F79EFBC}") = "ClientC", "ClientC\ClientC.csproj", "{DC16211C-E96C-B0CF-B541-5B7512312B2F}"
EndProject
Project("{FAE04EC0-301F-11D3-BF4B-00C04F79EFBC}") = "ClientD", "ClientD\ClientD.csproj", "{D8C3AEFB-32BB-3ACD-2891-838C96262356}"
EndProject
Project("{FAE04EC0-301F-11D3-BF4B-00C04F79EFBC}") = "TemplateProject", "TemplateProject\TemplateProject.csproj", "{AA6D154D-AFD6-A45E-4033-EC7A0437AA44}"
EndProject
Project("{FAE04EC0-301F-11D3-BF4B-00C04F79EFBC}") = "ClassLibrary", "ClassLibrary\ClassLibrary.csproj", "{32BB9982-34F4-4650-C65C-1A7412177E46}"
EndProject
Global
	GlobalSection(SolutionConfigurationPlatforms) = preSolution
		Debug|Any CPU = Debug|Any CPU
		Release|Any CPU = Release|Any CPU
	EndGlobalSection
	GlobalSection(ProjectConfigurationPlatforms) = postSolution
		{5FD790DC-0CBA-2596-271F-8A5F60111849}.Debug|Any CPU.ActiveCfg = Debug|Any CPU
		{5FD790DC-0CBA-2596-271F-8A5F60111849}.Debug|Any CPU.Build.0 = Debug|Any CPU
		{5FD790DC-0CBA-2596-271F-8A5F60111849}.Release|Any CPU.ActiveCfg = Release|Any CPU
		{5FD790DC-0CBA-2596-271F-8A5F60111849}.Release|Any CPU.Build.0 = Release|Any CPU
		{DC16211C-E96C-B0CF-B541-5B7512312B2F}.Debug|Any CPU.ActiveCfg = Debug|Any CPU
		{DC16211C-E96C-B0CF-B541-5B7512312B2F}.Debug|Any CPU.Build.0 = Debug|Any CPU
		{DC16211C-E96C-B0CF-B541-5B7512312B2F}.Release|Any CPU.ActiveCfg = Release|Any CPU
		{DC16211C-E96C-B0CF-B541-5B7512312B2F}.Release|Any CPU.Build.0 = Release|Any CPU
		{D8C3AEFB-32BB-3ACD-2891-838C96262356}.Debug|Any CPU.ActiveCfg = Debug|Any CPU
		{D8C3AEFB-32BB-3ACD-2891-838C96262356}.Debug|Any CPU.Build.0 = Debug|Any CPU
		{D8C3AEFB-32BB-3ACD-2891-838C96262356}.Release|Any CPU.ActiveCfg = Release|Any CPU
		{D8C3AEFB-32BB-3ACD-2891-838C96262356}.Release|Any CPU.Build.0 = Release|Any CPU
		{AA6D154D-AFD6-A45E-4033-EC7A0437AA44}.Debug|Any CPU.ActiveCfg = Debug|Any CPU
		{AA6D154D-AFD6-A45E-4033-EC7A0437AA44}.Debug|Any CPU.Build.0 = Debug|Any CPU
		{AA6D154D-AFD6-A45E-4033-EC7A0437AA44}.Release|Any CPU.ActiveCfg = Release|Any CPU
		{AA6D154D-AFD6-A45E-4033-EC7A0437AA44}.Release|Any CPU.Build.0 = Release|Any CPU
		{32BB9982-34F4-4650-C65C-1A7412177E46}.Debug|Any CPU.ActiveCfg = Debug|Any CPU
		{32BB9982-34F4-4650-C65C-1A7412177E46}.Debug|Any CPU.Build.0 = Debug|Any CPU
		{32BB9982-34F4-4650-C65C-1A7412177E46}.Release|Any CPU.ActiveCfg = Release|Any CPU
		{32BB9982-34F4-4650-C65C-1A7412177E46}.Release|Any CPU.Build.0 = Release|Any CPU
	EndGlobalSection
	GlobalSection(SolutionProperties) = preSolution
		HideSolutionNode = FALSE
	EndGlobalSection
	GlobalSection(ExtensibilityGlobals) = postSolution
		SolutionGuid = {55750F0F-C1B3-4D79-AE70-15D1B6BC6C7F}
	EndGlobalSection
EndGlobal
